
Microsoft Visual Studio Solution File, Format Version 12.00
# Visual Studio Version 17
VisualStudioVersion = 17.10.35013.160
MinimumVisualStudioVersion = 10.0.40219.1
Project("{2150E333-8FDC-42A3-9474-1A3956D46DE8}") = "src", "src", "{3A9EF2C0-6786-4248-86B9-CF158A3D75CF}"
EndProject
Project("{2150E333-8FDC-42A3-9474-1A3956D46DE8}") = "tests", "tests", "{BB56FCCD-95A6-4F68-B74E-56D800CF7DBB}"
EndProject
Project("{9A19103F-16F7-4668-BE54-9A1E7A4F7556}") = "CashFlow.Application", "src\CashFlow.Application\CashFlow.Application.csproj", "{89CB95D6-638A-4623-8605-F1DE6422DF7F}"
EndProject
Project("{9A19103F-16F7-4668-BE54-9A1E7A4F7556}") = "CashFlow.Domain", "src\CashFlow.Domain\CashFlow.Domain.csproj", "{79057AFE-8F59-4518-8016-83EAD33FC6AC}"
EndProject
Project("{9A19103F-16F7-4668-BE54-9A1E7A4F7556}") = "CashFlow.Communication", "src\CashFlow.Communication\CashFlow.Communication.csproj", "{9D0496B4-9A57-467A-A3E9-26EF29036543}"
EndProject
Project("{9A19103F-16F7-4668-BE54-9A1E7A4F7556}") = "CashFlow.Infrastructure", "src\CashFlow.Infrastructure\CashFlow.Infrastructure.csproj", "{07BFE910-162E-4BC4-83AB-A394C92B225A}"
EndProject
Project("{9A19103F-16F7-4668-BE54-9A1E7A4F7556}") = "CashFlow.Exception", "src\CashFlow.Exception\CashFlow.Exception.csproj", "{82FF4653-A2F8-4757-A7A9-21BC7E423B62}"
EndProject
Project("{9A19103F-16F7-4668-BE54-9A1E7A4F7556}") = "CashFlow.Api", "src\CashFlow.Api\CashFlow.Api.csproj", "{C8B0E79D-90C9-45E7-B70B-D019EA6834AF}"
EndProject
Project("{FAE04EC0-301F-11D3-BF4B-00C04F79EFBC}") = "Validators.Tests", "tests\Validators.Tests\Validators.Tests.csproj", "{F8E16B49-8794-4292-9E97-6F4AF2164791}"
EndProject
Project("{FAE04EC0-301F-11D3-BF4B-00C04F79EFBC}") = "CommonTestUtilities", "tests\CommonTestUtilities\CommonTestUtilities.csproj", "{4F2B7E1E-1444-4488-8531-AEE3D8CC7ED5}"
EndProject
Global
	GlobalSection(SolutionConfigurationPlatforms) = preSolution
		Debug|Any CPU = Debug|Any CPU
		Release|Any CPU = Release|Any CPU
	EndGlobalSection
	GlobalSection(ProjectConfigurationPlatforms) = postSolution
		{89CB95D6-638A-4623-8605-F1DE6422DF7F}.Debug|Any CPU.ActiveCfg = Debug|Any CPU
		{89CB95D6-638A-4623-8605-F1DE6422DF7F}.Debug|Any CPU.Build.0 = Debug|Any CPU
		{89CB95D6-638A-4623-8605-F1DE6422DF7F}.Release|Any CPU.ActiveCfg = Release|Any CPU
		{89CB95D6-638A-4623-8605-F1DE6422DF7F}.Release|Any CPU.Build.0 = Release|Any CPU
		{79057AFE-8F59-4518-8016-83EAD33FC6AC}.Debug|Any CPU.ActiveCfg = Debug|Any CPU
		{79057AFE-8F59-4518-8016-83EAD33FC6AC}.Debug|Any CPU.Build.0 = Debug|Any CPU
		{79057AFE-8F59-4518-8016-83EAD33FC6AC}.Release|Any CPU.ActiveCfg = Release|Any CPU
		{79057AFE-8F59-4518-8016-83EAD33FC6AC}.Release|Any CPU.Build.0 = Release|Any CPU
		{9D0496B4-9A57-467A-A3E9-26EF29036543}.Debug|Any CPU.ActiveCfg = Debug|Any CPU
		{9D0496B4-9A57-467A-A3E9-26EF29036543}.Debug|Any CPU.Build.0 = Debug|Any CPU
		{9D0496B4-9A57-467A-A3E9-26EF29036543}.Release|Any CPU.ActiveCfg = Release|Any CPU
		{9D0496B4-9A57-467A-A3E9-26EF29036543}.Release|Any CPU.Build.0 = Release|Any CPU
		{07BFE910-162E-4BC4-83AB-A394C92B225A}.Debug|Any CPU.ActiveCfg = Debug|Any CPU
		{07BFE910-162E-4BC4-83AB-A394C92B225A}.Debug|Any CPU.Build.0 = Debug|Any CPU
		{07BFE910-162E-4BC4-83AB-A394C92B225A}.Release|Any CPU.ActiveCfg = Release|Any CPU
		{07BFE910-162E-4BC4-83AB-A394C92B225A}.Release|Any CPU.Build.0 = Release|Any CPU
		{82FF4653-A2F8-4757-A7A9-21BC7E423B62}.Debug|Any CPU.ActiveCfg = Debug|Any CPU
		{82FF4653-A2F8-4757-A7A9-21BC7E423B62}.Debug|Any CPU.Build.0 = Debug|Any CPU
		{82FF4653-A2F8-4757-A7A9-21BC7E423B62}.Release|Any CPU.ActiveCfg = Release|Any CPU
		{82FF4653-A2F8-4757-A7A9-21BC7E423B62}.Release|Any CPU.Build.0 = Release|Any CPU
		{C8B0E79D-90C9-45E7-B70B-D019EA6834AF}.Debug|Any CPU.ActiveCfg = Debug|Any CPU
		{C8B0E79D-90C9-45E7-B70B-D019EA6834AF}.Debug|Any CPU.Build.0 = Debug|Any CPU
		{C8B0E79D-90C9-45E7-B70B-D019EA6834AF}.Release|Any CPU.ActiveCfg = Release|Any CPU
		{C8B0E79D-90C9-45E7-B70B-D019EA6834AF}.Release|Any CPU.Build.0 = Release|Any CPU
		{F8E16B49-8794-4292-9E97-6F4AF2164791}.Debug|Any CPU.ActiveCfg = Debug|Any CPU
		{F8E16B49-8794-4292-9E97-6F4AF2164791}.Debug|Any CPU.Build.0 = Debug|Any CPU
		{F8E16B49-8794-4292-9E97-6F4AF2164791}.Release|Any CPU.ActiveCfg = Release|Any CPU
		{F8E16B49-8794-4292-9E97-6F4AF2164791}.Release|Any CPU.Build.0 = Release|Any CPU
		{4F2B7E1E-1444-4488-8531-AEE3D8CC7ED5}.Debug|Any CPU.ActiveCfg = Debug|Any CPU
		{4F2B7E1E-1444-4488-8531-AEE3D8CC7ED5}.Debug|Any CPU.Build.0 = Debug|Any CPU
		{4F2B7E1E-1444-4488-8531-AEE3D8CC7ED5}.Release|Any CPU.ActiveCfg = Release|Any CPU
		{4F2B7E1E-1444-4488-8531-AEE3D8CC7ED5}.Release|Any CPU.Build.0 = Release|Any CPU
	EndGlobalSection
	GlobalSection(SolutionProperties) = preSolution
		HideSolutionNode = FALSE
	EndGlobalSection
	GlobalSection(NestedProjects) = preSolution
		{89CB95D6-638A-4623-8605-F1DE6422DF7F} = {3A9EF2C0-6786-4248-86B9-CF158A3D75CF}
		{79057AFE-8F59-4518-8016-83EAD33FC6AC} = {3A9EF2C0-6786-4248-86B9-CF158A3D75CF}
		{9D0496B4-9A57-467A-A3E9-26EF29036543} = {3A9EF2C0-6786-4248-86B9-CF158A3D75CF}
		{07BFE910-162E-4BC4-83AB-A394C92B225A} = {3A9EF2C0-6786-4248-86B9-CF158A3D75CF}
		{82FF4653-A2F8-4757-A7A9-21BC7E423B62} = {3A9EF2C0-6786-4248-86B9-CF158A3D75CF}
		{C8B0E79D-90C9-45E7-B70B-D019EA6834AF} = {3A9EF2C0-6786-4248-86B9-CF158A3D75CF}
		{F8E16B49-8794-4292-9E97-6F4AF2164791} = {BB56FCCD-95A6-4F68-B74E-56D800CF7DBB}
		{4F2B7E1E-1444-4488-8531-AEE3D8CC7ED5} = {BB56FCCD-95A6-4F68-B74E-56D800CF7DBB}
	EndGlobalSection
	GlobalSection(ExtensibilityGlobals) = postSolution
		SolutionGuid = {0AFD0607-AAA2-456C-AA63-8E1BE279BB5C}
	EndGlobalSection
EndGlobal
