
Microsoft Visual Studio Solution File, Format Version 12.00
# Visual Studio Version 17
VisualStudioVersion = 17.10.34928.147
MinimumVisualStudioVersion = 10.0.40219.1
Project("{FAE04EC0-301F-11D3-BF4B-00C04F79EFBC}") = "MyFirstApi", "MyFirstApi.csproj", "{89BC2ECD-0620-46E1-8164-0337A0EA905A}"
EndProject
Global
	GlobalSection(SolutionConfigurationPlatforms) = preSolution
		Debug|Any CPU = Debug|Any CPU
		Release|Any CPU = Release|Any CPU
	EndGlobalSection
	GlobalSection(ProjectConfigurationPlatforms) = postSolution
		{89BC2ECD-0620-46E1-8164-0337A0EA905A}.Debug|Any CPU.ActiveCfg = Debug|Any CPU
		{89BC2ECD-0620-46E1-8164-0337A0EA905A}.Debug|Any CPU.Build.0 = Debug|Any CPU
		{89BC2ECD-0620-46E1-8164-0337A0EA905A}.Release|Any CPU.ActiveCfg = Release|Any CPU
		{89BC2ECD-0620-46E1-8164-0337A0EA905A}.Release|Any CPU.Build.0 = Release|Any CPU
	EndGlobalSection
	GlobalSection(SolutionProperties) = preSolution
		HideSolutionNode = FALSE
	EndGlobalSection
	GlobalSection(ExtensibilityGlobals) = postSolution
		SolutionGuid = {BC1B4EF6-5517-402A-92A2-4B50D6441780}
	EndGlobalSection
EndGlobal
